// !$*UTF8*$!
{
	archiveVersion = 1;
	classes = {
	};
	objectVersion = 46;
	objects = {

/* Begin PBXBuildFile section */
		58C540146435E539EBB84F0E /* ArticleCloudTest.swift in Sources */ = {isa = PBXBuildFile; fileRef = 58C54707430BBFD6FAE95B6E /* ArticleCloudTest.swift */; };
		58C54055F610D48ECEF862A7 /* ArticleDetailPresentation.swift in Sources */ = {isa = PBXBuildFile; fileRef = 58C5478131F36D6C826172B6 /* ArticleDetailPresentation.swift */; };
		58C54059424BA112F9BA9115 /* ArticleRepository.swift in Sources */ = {isa = PBXBuildFile; fileRef = 58C54B3E5E89B578CBE8DB09 /* ArticleRepository.swift */; };
		58C540A19A579E338329E4D6 /* ArticleDetailPresenter.swift in Sources */ = {isa = PBXBuildFile; fileRef = 58C54AC4548E25BEBBC46D71 /* ArticleDetailPresenter.swift */; };
		58C540B9D5694E3BFE96BF46 /* SimpleMemCache.swift in Sources */ = {isa = PBXBuildFile; fileRef = 58C5435D255BC1D6D9247E34 /* SimpleMemCache.swift */; };
		58C5412135A17043CC5B3539 /* OrderedDictionary.framework in Frameworks */ = {isa = PBXBuildFile; fileRef = 58C548E902798F7E7A5C5F29 /* OrderedDictionary.framework */; };
		58C5412F6BD11FF234E35ECA /* Media.swift in Sources */ = {isa = PBXBuildFile; fileRef = 58C549B96ADB40D500EF05A8 /* Media.swift */; };
		58C541AC7BEB102E1F1527DE /* MediaRepositoryTest.swift in Sources */ = {isa = PBXBuildFile; fileRef = 58C543F7EF04094BC930A0D1 /* MediaRepositoryTest.swift */; };
		58C541ADCDC04D2A94A0B14E /* MediaCache.swift in Sources */ = {isa = PBXBuildFile; fileRef = 58C54158180E8EE4FAF1990C /* MediaCache.swift */; };
		58C542D2F591DDA8E333E4A9 /* ArticleEndpoint.swift in Sources */ = {isa = PBXBuildFile; fileRef = 58C5483046532E077346F3D0 /* ArticleEndpoint.swift */; };
		58C543741BBEE1B3F31C43D7 /* ArticleCacheTest.swift in Sources */ = {isa = PBXBuildFile; fileRef = 58C541FE2DD6F2E9A322ACCF /* ArticleCacheTest.swift */; };
		58C5447F01E9752F857C04A0 /* ArticleCloud.swift in Sources */ = {isa = PBXBuildFile; fileRef = 58C5453AFC70B61CBBC8791D /* ArticleCloud.swift */; };
		58C54502DC435266E7021C80 /* Collection+empty.swift in Sources */ = {isa = PBXBuildFile; fileRef = 58C54315652A852F262DCD12 /* Collection+empty.swift */; };
		58C545489632805B33F9364E /* ArticlePresentationCell.swift in Sources */ = {isa = PBXBuildFile; fileRef = 58C54A366B5CE4F3059873AD /* ArticlePresentationCell.swift */; };
		58C545B56F814ADA88E993EF /* ArticleInteractor.swift in Sources */ = {isa = PBXBuildFile; fileRef = 58C5435D3F1A631204D62AA1 /* ArticleInteractor.swift */; };
		58C546D3D4B8E71ED57B7593 /* RenderableText.swift in Sources */ = {isa = PBXBuildFile; fileRef = 58C54741B51E0DC05D1F66EE /* RenderableText.swift */; };
		58C54710B3F851B552F335BB /* MediaCacheTest.swift in Sources */ = {isa = PBXBuildFile; fileRef = 58C549F22713EC4B6BD476D8 /* MediaCacheTest.swift */; };
		58C547AEC22A4C1C373E5C9A /* MediaEndpoint.swift in Sources */ = {isa = PBXBuildFile; fileRef = 58C54CDAF8A8B80477EACCB6 /* MediaEndpoint.swift */; };
		58C548965D2D771DD6177AC2 /* SimpleMemCacheTest.swift in Sources */ = {isa = PBXBuildFile; fileRef = 58C54114FD5064EB33D933C5 /* SimpleMemCacheTest.swift */; };
		58C5489890A8AEC43E8CADC1 /* MediaRepository.swift in Sources */ = {isa = PBXBuildFile; fileRef = 58C54571F7FC8A4D154E08D0 /* MediaRepository.swift */; };
		58C549303E554A59119C08F4 /* IntIdTransform.swift in Sources */ = {isa = PBXBuildFile; fileRef = 58C54D88A79A0564C5DB955F /* IntIdTransform.swift */; };
		58C549477A54F129E05D196B /* MediaItem.swift in Sources */ = {isa = PBXBuildFile; fileRef = 58C541020CC66CA26DF3B07F /* MediaItem.swift */; };
		58C54A24B186A0B99D5432F4 /* MediaCloud.swift in Sources */ = {isa = PBXBuildFile; fileRef = 58C540F2F09089803B35C0BC /* MediaCloud.swift */; };
		58C54A8D9F27085D8F08DAD4 /* MediaDetails.swift in Sources */ = {isa = PBXBuildFile; fileRef = 58C542C2B470CC1FE4C99D43 /* MediaDetails.swift */; };
		58C54AB822673C95A3C645DB /* ArticlePresentation.swift in Sources */ = {isa = PBXBuildFile; fileRef = 58C548CD98163D669A6503B9 /* ArticlePresentation.swift */; };
		58C54B463CB52DFFD9895651 /* Article.swift in Sources */ = {isa = PBXBuildFile; fileRef = 58C540D1C722829373C877AC /* Article.swift */; };
		58C54C9EC819CAE3C6DFDA80 /* Resources.swift in Sources */ = {isa = PBXBuildFile; fileRef = 58C54D5A2261773DFFF822D5 /* Resources.swift */; };
		58C54DC5E68ABA06CD04118E /* RxViewController.swift in Sources */ = {isa = PBXBuildFile; fileRef = 58C549115020BB6F0BE637F8 /* RxViewController.swift */; };
		58C54DD3EB46D757AA4A5573 /* NSAttributedString+HTML.swift in Sources */ = {isa = PBXBuildFile; fileRef = 58C54BBEF53C05241BFDB0D1 /* NSAttributedString+HTML.swift */; };
		58C54DD53DB4D8E3952C293A /* ArticleCache.swift in Sources */ = {isa = PBXBuildFile; fileRef = 58C54A0E1F2B46FA8AFCC0FD /* ArticleCache.swift */; };
		58C54DDDC273FDFDE1C4205F /* ArticleInteractorTest.swift in Sources */ = {isa = PBXBuildFile; fileRef = 58C5487151AB7E4ACF83FF73 /* ArticleInteractorTest.swift */; };
		58C54DE5DA27479BEF62A5E0 /* MediaCloudTest.swift in Sources */ = {isa = PBXBuildFile; fileRef = 58C54C4D56E0FAD485640C13 /* MediaCloudTest.swift */; };
		58C54E67DC139504DAC194AA /* ArticleListViewModelTest.swift in Sources */ = {isa = PBXBuildFile; fileRef = 58C54D00F2B062DC1D304BDA /* ArticleListViewModelTest.swift */; };
		58C54F740BE191639DF23D5F /* ArticleListViewModel.swift in Sources */ = {isa = PBXBuildFile; fileRef = 58C54788D3F92985130956A7 /* ArticleListViewModel.swift */; };
		D6290F881E65DF5F00CBDD2D /* AnyWrapper.swift in Sources */ = {isa = PBXBuildFile; fileRef = D6290F871E65DF5F00CBDD2D /* AnyWrapper.swift */; };
		D6290F8B1E65E1E900CBDD2D /* Observable+ZipWith.swift in Sources */ = {isa = PBXBuildFile; fileRef = D6290F8A1E65E1E900CBDD2D /* Observable+ZipWith.swift */; };
		D6290F911E69987E00CBDD2D /* test.bundle in Resources */ = {isa = PBXBuildFile; fileRef = D6290F8F1E69987500CBDD2D /* test.bundle */; };
		D6290F961E69AFE000CBDD2D /* Alamofire.framework in Frameworks */ = {isa = PBXBuildFile; fileRef = D6290F921E69AFE000CBDD2D /* Alamofire.framework */; };
		D6290F971E69AFE000CBDD2D /* Moya.framework in Frameworks */ = {isa = PBXBuildFile; fileRef = D6290F931E69AFE000CBDD2D /* Moya.framework */; };
		D6290F981E69AFE000CBDD2D /* ObjectMapper.framework in Frameworks */ = {isa = PBXBuildFile; fileRef = D6290F941E69AFE000CBDD2D /* ObjectMapper.framework */; };
		D6290F991E69AFE000CBDD2D /* Result.framework in Frameworks */ = {isa = PBXBuildFile; fileRef = D6290F951E69AFE000CBDD2D /* Result.framework */; };
		D6290F9A1E69B5A200CBDD2D /* Alamofire.framework in Frameworks */ = {isa = PBXBuildFile; fileRef = D6290F921E69AFE000CBDD2D /* Alamofire.framework */; };
		D6290F9B1E69B5A200CBDD2D /* Alamofire.framework in Embed Frameworks */ = {isa = PBXBuildFile; fileRef = D6290F921E69AFE000CBDD2D /* Alamofire.framework */; settings = {ATTRIBUTES = (CodeSignOnCopy, RemoveHeadersOnCopy, ); }; };
		D6290F9C1E69B5A200CBDD2D /* Moya.framework in Frameworks */ = {isa = PBXBuildFile; fileRef = D6290F931E69AFE000CBDD2D /* Moya.framework */; };
		D6290F9D1E69B5A200CBDD2D /* Moya.framework in Embed Frameworks */ = {isa = PBXBuildFile; fileRef = D6290F931E69AFE000CBDD2D /* Moya.framework */; settings = {ATTRIBUTES = (CodeSignOnCopy, RemoveHeadersOnCopy, ); }; };
		D6290F9E1E69B5A200CBDD2D /* ObjectMapper.framework in Frameworks */ = {isa = PBXBuildFile; fileRef = D6290F941E69AFE000CBDD2D /* ObjectMapper.framework */; };
		D6290F9F1E69B5A200CBDD2D /* ObjectMapper.framework in Embed Frameworks */ = {isa = PBXBuildFile; fileRef = D6290F941E69AFE000CBDD2D /* ObjectMapper.framework */; settings = {ATTRIBUTES = (CodeSignOnCopy, RemoveHeadersOnCopy, ); }; };
		D6290FA01E69B5A200CBDD2D /* Result.framework in Frameworks */ = {isa = PBXBuildFile; fileRef = D6290F951E69AFE000CBDD2D /* Result.framework */; };
		D6290FA11E69B5A200CBDD2D /* Result.framework in Embed Frameworks */ = {isa = PBXBuildFile; fileRef = D6290F951E69AFE000CBDD2D /* Result.framework */; settings = {ATTRIBUTES = (CodeSignOnCopy, RemoveHeadersOnCopy, ); }; };
		D6290FA31E69BAD200CBDD2D /* RxMoya.framework in Frameworks */ = {isa = PBXBuildFile; fileRef = D6290FA21E69BAD200CBDD2D /* RxMoya.framework */; };
		D6290FA41E69BAD600CBDD2D /* RxMoya.framework in Frameworks */ = {isa = PBXBuildFile; fileRef = D6290FA21E69BAD200CBDD2D /* RxMoya.framework */; };
		D6290FA51E69BAD600CBDD2D /* RxMoya.framework in Embed Frameworks */ = {isa = PBXBuildFile; fileRef = D6290FA21E69BAD200CBDD2D /* RxMoya.framework */; settings = {ATTRIBUTES = (CodeSignOnCopy, RemoveHeadersOnCopy, ); }; };
		D6290FA61E69BADD00CBDD2D /* RxSwift.framework in Frameworks */ = {isa = PBXBuildFile; fileRef = D69152F61E533EC900E95DF7 /* RxSwift.framework */; };
		D6290FA71E69BADD00CBDD2D /* RxSwift.framework in Embed Frameworks */ = {isa = PBXBuildFile; fileRef = D69152F61E533EC900E95DF7 /* RxSwift.framework */; settings = {ATTRIBUTES = (CodeSignOnCopy, RemoveHeadersOnCopy, ); }; };
		D6290FA81E69BAE200CBDD2D /* RxCocoa.framework in Frameworks */ = {isa = PBXBuildFile; fileRef = D69152F51E533EC900E95DF7 /* RxCocoa.framework */; };
		D6290FA91E69BAE200CBDD2D /* RxCocoa.framework in Embed Frameworks */ = {isa = PBXBuildFile; fileRef = D69152F51E533EC900E95DF7 /* RxCocoa.framework */; settings = {ATTRIBUTES = (CodeSignOnCopy, RemoveHeadersOnCopy, ); }; };
		D6517A0A1E5362D1004DAA8B /* GeneratedMocks.swift in Sources */ = {isa = PBXBuildFile; fileRef = D6517A081E5362D1004DAA8B /* GeneratedMocks.swift */; };
		D6517A0B1E54617A004DAA8B /* Cuckoo.framework in Frameworks */ = {isa = PBXBuildFile; fileRef = D6517A041E536090004DAA8B /* Cuckoo.framework */; };
		D6517A0D1E54627D004DAA8B /* RxTest.framework in Embed Frameworks */ = {isa = PBXBuildFile; fileRef = D69152FA1E53415A00E95DF7 /* RxTest.framework */; settings = {ATTRIBUTES = (CodeSignOnCopy, RemoveHeadersOnCopy, ); }; };
		D6517A101E546285004DAA8B /* Cuckoo.framework in Embed Frameworks */ = {isa = PBXBuildFile; fileRef = D6517A041E536090004DAA8B /* Cuckoo.framework */; settings = {ATTRIBUTES = (CodeSignOnCopy, RemoveHeadersOnCopy, ); }; };
		D65C5BF21E5606A500D25697 /* OrderedDictionary.framework in Embed Frameworks */ = {isa = PBXBuildFile; fileRef = 58C548E902798F7E7A5C5F29 /* OrderedDictionary.framework */; settings = {ATTRIBUTES = (CodeSignOnCopy, RemoveHeadersOnCopy, ); }; };
		D6657DEF1E5322D3008B00A3 /* AppDelegate.swift in Sources */ = {isa = PBXBuildFile; fileRef = D6657DEE1E5322D3008B00A3 /* AppDelegate.swift */; };
		D6657DF11E5322D3008B00A3 /* MasterViewController.swift in Sources */ = {isa = PBXBuildFile; fileRef = D6657DF01E5322D3008B00A3 /* MasterViewController.swift */; };
		D6657DF31E5322D3008B00A3 /* DetailViewController.swift in Sources */ = {isa = PBXBuildFile; fileRef = D6657DF21E5322D3008B00A3 /* DetailViewController.swift */; };
		D6657DF61E5322D3008B00A3 /* Main.storyboard in Resources */ = {isa = PBXBuildFile; fileRef = D6657DF41E5322D3008B00A3 /* Main.storyboard */; };
		D6657DF81E5322D3008B00A3 /* Assets.xcassets in Resources */ = {isa = PBXBuildFile; fileRef = D6657DF71E5322D3008B00A3 /* Assets.xcassets */; };
		D6657DFB1E5322D3008B00A3 /* LaunchScreen.storyboard in Resources */ = {isa = PBXBuildFile; fileRef = D6657DF91E5322D3008B00A3 /* LaunchScreen.storyboard */; };
		D6657E111E5322D3008B00A3 /* DuitslandNieuwsUITests.swift in Sources */ = {isa = PBXBuildFile; fileRef = D6657E101E5322D3008B00A3 /* DuitslandNieuwsUITests.swift */; };
		D67C0AA31E7311C000C36E38 /* UILabel+HTML.swift in Sources */ = {isa = PBXBuildFile; fileRef = D67C0AA21E7311C000C36E38 /* UILabel+HTML.swift */; };
		D67C44451E6A0B3300BC91E0 /* Observable+ObjectMapper.swift in Sources */ = {isa = PBXBuildFile; fileRef = D67C44441E6A0B3300BC91E0 /* Observable+ObjectMapper.swift */; };
		D67C44481E6A1B0700BC91E0 /* Response+ObjectMapper.swift in Sources */ = {isa = PBXBuildFile; fileRef = D67C44471E6A1B0700BC91E0 /* Response+ObjectMapper.swift */; };
		D69152F71E533EC900E95DF7 /* RxCocoa.framework in Frameworks */ = {isa = PBXBuildFile; fileRef = D69152F51E533EC900E95DF7 /* RxCocoa.framework */; };
		D69152F81E533EC900E95DF7 /* RxSwift.framework in Frameworks */ = {isa = PBXBuildFile; fileRef = D69152F61E533EC900E95DF7 /* RxSwift.framework */; };
		D69152FB1E53415A00E95DF7 /* RxTest.framework in Frameworks */ = {isa = PBXBuildFile; fileRef = D69152FA1E53415A00E95DF7 /* RxTest.framework */; };
		D69152FD1E534EDC00E95DF7 /* ArticleRepositoryTest.swift in Sources */ = {isa = PBXBuildFile; fileRef = 58C5426E014021CD1A0A35CE /* ArticleRepositoryTest.swift */; };
		D6FA5E051E72BC8D00946DC1 /* AlamofireImage.framework in Frameworks */ = {isa = PBXBuildFile; fileRef = D6FA5E041E72BC8D00946DC1 /* AlamofireImage.framework */; };
		D6FA5E061E72BCE000946DC1 /* AlamofireImage.framework in Frameworks */ = {isa = PBXBuildFile; fileRef = D6FA5E041E72BC8D00946DC1 /* AlamofireImage.framework */; };
		D6FA5E071E72BCE000946DC1 /* AlamofireImage.framework in Embed Frameworks */ = {isa = PBXBuildFile; fileRef = D6FA5E041E72BC8D00946DC1 /* AlamofireImage.framework */; settings = {ATTRIBUTES = (CodeSignOnCopy, RemoveHeadersOnCopy, ); }; };
/* End PBXBuildFile section */

/* Begin PBXContainerItemProxy section */
		D6657E021E5322D3008B00A3 /* PBXContainerItemProxy */ = {
			isa = PBXContainerItemProxy;
			containerPortal = D6657DE31E5322D3008B00A3 /* Project object */;
			proxyType = 1;
			remoteGlobalIDString = D6657DEA1E5322D3008B00A3;
			remoteInfo = DuitslandNieuws;
		};
		D6657E0D1E5322D3008B00A3 /* PBXContainerItemProxy */ = {
			isa = PBXContainerItemProxy;
			containerPortal = D6657DE31E5322D3008B00A3 /* Project object */;
			proxyType = 1;
			remoteGlobalIDString = D6657DEA1E5322D3008B00A3;
			remoteInfo = DuitslandNieuws;
		};
/* End PBXContainerItemProxy section */

/* Begin PBXCopyFilesBuildPhase section */
		D6517A0E1E54627D004DAA8B /* Embed Frameworks */ = {
			isa = PBXCopyFilesBuildPhase;
			buildActionMask = 2147483647;
			dstPath = "";
			dstSubfolderSpec = 10;
			files = (
				D6290F9F1E69B5A200CBDD2D /* ObjectMapper.framework in Embed Frameworks */,
				D6290FA11E69B5A200CBDD2D /* Result.framework in Embed Frameworks */,
				D6290FA71E69BADD00CBDD2D /* RxSwift.framework in Embed Frameworks */,
				D65C5BF21E5606A500D25697 /* OrderedDictionary.framework in Embed Frameworks */,
				D6290F9D1E69B5A200CBDD2D /* Moya.framework in Embed Frameworks */,
				D6FA5E071E72BCE000946DC1 /* AlamofireImage.framework in Embed Frameworks */,
				D6290FA51E69BAD600CBDD2D /* RxMoya.framework in Embed Frameworks */,
				D6517A101E546285004DAA8B /* Cuckoo.framework in Embed Frameworks */,
				D6517A0D1E54627D004DAA8B /* RxTest.framework in Embed Frameworks */,
				D6290FA91E69BAE200CBDD2D /* RxCocoa.framework in Embed Frameworks */,
				D6290F9B1E69B5A200CBDD2D /* Alamofire.framework in Embed Frameworks */,
			);
			name = "Embed Frameworks";
			runOnlyForDeploymentPostprocessing = 0;
		};
/* End PBXCopyFilesBuildPhase section */

/* Begin PBXFileReference section */
		58C540D1C722829373C877AC /* Article.swift */ = {isa = PBXFileReference; fileEncoding = 4; lastKnownFileType = sourcecode.swift; path = Article.swift; sourceTree = "<group>"; };
		58C540F2F09089803B35C0BC /* MediaCloud.swift */ = {isa = PBXFileReference; fileEncoding = 4; lastKnownFileType = sourcecode.swift; path = MediaCloud.swift; sourceTree = "<group>"; };
		58C541020CC66CA26DF3B07F /* MediaItem.swift */ = {isa = PBXFileReference; fileEncoding = 4; lastKnownFileType = sourcecode.swift; path = MediaItem.swift; sourceTree = "<group>"; };
		58C54114FD5064EB33D933C5 /* SimpleMemCacheTest.swift */ = {isa = PBXFileReference; fileEncoding = 4; lastKnownFileType = sourcecode.swift; path = SimpleMemCacheTest.swift; sourceTree = "<group>"; };
		58C54158180E8EE4FAF1990C /* MediaCache.swift */ = {isa = PBXFileReference; fileEncoding = 4; lastKnownFileType = sourcecode.swift; path = MediaCache.swift; sourceTree = "<group>"; };
		58C541FE2DD6F2E9A322ACCF /* ArticleCacheTest.swift */ = {isa = PBXFileReference; fileEncoding = 4; lastKnownFileType = sourcecode.swift; path = ArticleCacheTest.swift; sourceTree = "<group>"; };
		58C5426E014021CD1A0A35CE /* ArticleRepositoryTest.swift */ = {isa = PBXFileReference; fileEncoding = 4; lastKnownFileType = sourcecode.swift; path = ArticleRepositoryTest.swift; sourceTree = "<group>"; };
		58C542C2B470CC1FE4C99D43 /* MediaDetails.swift */ = {isa = PBXFileReference; fileEncoding = 4; lastKnownFileType = sourcecode.swift; path = MediaDetails.swift; sourceTree = "<group>"; };
		58C54315652A852F262DCD12 /* Collection+empty.swift */ = {isa = PBXFileReference; fileEncoding = 4; lastKnownFileType = sourcecode.swift; path = "Collection+empty.swift"; sourceTree = "<group>"; };
		58C5435D255BC1D6D9247E34 /* SimpleMemCache.swift */ = {isa = PBXFileReference; fileEncoding = 4; lastKnownFileType = sourcecode.swift; path = SimpleMemCache.swift; sourceTree = "<group>"; };
		58C5435D3F1A631204D62AA1 /* ArticleInteractor.swift */ = {isa = PBXFileReference; fileEncoding = 4; lastKnownFileType = sourcecode.swift; path = ArticleInteractor.swift; sourceTree = "<group>"; };
		58C543F7EF04094BC930A0D1 /* MediaRepositoryTest.swift */ = {isa = PBXFileReference; fileEncoding = 4; lastKnownFileType = sourcecode.swift; path = MediaRepositoryTest.swift; sourceTree = "<group>"; };
		58C5453AFC70B61CBBC8791D /* ArticleCloud.swift */ = {isa = PBXFileReference; fileEncoding = 4; lastKnownFileType = sourcecode.swift; path = ArticleCloud.swift; sourceTree = "<group>"; };
		58C54571F7FC8A4D154E08D0 /* MediaRepository.swift */ = {isa = PBXFileReference; fileEncoding = 4; lastKnownFileType = sourcecode.swift; path = MediaRepository.swift; sourceTree = "<group>"; };
		58C54707430BBFD6FAE95B6E /* ArticleCloudTest.swift */ = {isa = PBXFileReference; fileEncoding = 4; lastKnownFileType = sourcecode.swift; path = ArticleCloudTest.swift; sourceTree = "<group>"; };
		58C54741B51E0DC05D1F66EE /* RenderableText.swift */ = {isa = PBXFileReference; fileEncoding = 4; lastKnownFileType = sourcecode.swift; path = RenderableText.swift; sourceTree = "<group>"; };
		58C5478131F36D6C826172B6 /* ArticleDetailPresentation.swift */ = {isa = PBXFileReference; fileEncoding = 4; lastKnownFileType = sourcecode.swift; path = ArticleDetailPresentation.swift; sourceTree = "<group>"; };
		58C54788D3F92985130956A7 /* ArticleListViewModel.swift */ = {isa = PBXFileReference; fileEncoding = 4; lastKnownFileType = sourcecode.swift; path = ArticleListViewModel.swift; sourceTree = "<group>"; };
		58C5483046532E077346F3D0 /* ArticleEndpoint.swift */ = {isa = PBXFileReference; fileEncoding = 4; lastKnownFileType = sourcecode.swift; path = ArticleEndpoint.swift; sourceTree = "<group>"; };
		58C5487151AB7E4ACF83FF73 /* ArticleInteractorTest.swift */ = {isa = PBXFileReference; fileEncoding = 4; lastKnownFileType = sourcecode.swift; path = ArticleInteractorTest.swift; sourceTree = "<group>"; };
		58C548CD98163D669A6503B9 /* ArticlePresentation.swift */ = {isa = PBXFileReference; fileEncoding = 4; lastKnownFileType = sourcecode.swift; path = ArticlePresentation.swift; sourceTree = "<group>"; };
		58C548E902798F7E7A5C5F29 /* OrderedDictionary.framework */ = {isa = PBXFileReference; lastKnownFileType = wrapper.framework; name = OrderedDictionary.framework; path = "/Users/arjan/supersimple.io/duitslandnieuws.nl/swift-app/DuitslandNieuws/Carthage/Build/iOS/OrderedDictionary.framework"; sourceTree = "<absolute>"; };
		58C549115020BB6F0BE637F8 /* RxViewController.swift */ = {isa = PBXFileReference; fileEncoding = 4; lastKnownFileType = sourcecode.swift; path = RxViewController.swift; sourceTree = "<group>"; };
		58C549B96ADB40D500EF05A8 /* Media.swift */ = {isa = PBXFileReference; fileEncoding = 4; lastKnownFileType = sourcecode.swift; path = Media.swift; sourceTree = "<group>"; };
		58C549F22713EC4B6BD476D8 /* MediaCacheTest.swift */ = {isa = PBXFileReference; fileEncoding = 4; lastKnownFileType = sourcecode.swift; path = MediaCacheTest.swift; sourceTree = "<group>"; };
		58C54A0E1F2B46FA8AFCC0FD /* ArticleCache.swift */ = {isa = PBXFileReference; fileEncoding = 4; lastKnownFileType = sourcecode.swift; path = ArticleCache.swift; sourceTree = "<group>"; };
		58C54A366B5CE4F3059873AD /* ArticlePresentationCell.swift */ = {isa = PBXFileReference; fileEncoding = 4; lastKnownFileType = sourcecode.swift; path = ArticlePresentationCell.swift; sourceTree = "<group>"; };
		58C54AC4548E25BEBBC46D71 /* ArticleDetailPresenter.swift */ = {isa = PBXFileReference; fileEncoding = 4; lastKnownFileType = sourcecode.swift; path = ArticleDetailPresenter.swift; sourceTree = "<group>"; };
		58C54B3E5E89B578CBE8DB09 /* ArticleRepository.swift */ = {isa = PBXFileReference; fileEncoding = 4; lastKnownFileType = sourcecode.swift; path = ArticleRepository.swift; sourceTree = "<group>"; };
		58C54BBEF53C05241BFDB0D1 /* NSAttributedString+HTML.swift */ = {isa = PBXFileReference; fileEncoding = 4; lastKnownFileType = sourcecode.swift; path = "NSAttributedString+HTML.swift"; sourceTree = "<group>"; };
		58C54C4D56E0FAD485640C13 /* MediaCloudTest.swift */ = {isa = PBXFileReference; fileEncoding = 4; lastKnownFileType = sourcecode.swift; path = MediaCloudTest.swift; sourceTree = "<group>"; };
		58C54CDAF8A8B80477EACCB6 /* MediaEndpoint.swift */ = {isa = PBXFileReference; fileEncoding = 4; lastKnownFileType = sourcecode.swift; path = MediaEndpoint.swift; sourceTree = "<group>"; };
		58C54D00F2B062DC1D304BDA /* ArticleListViewModelTest.swift */ = {isa = PBXFileReference; fileEncoding = 4; lastKnownFileType = sourcecode.swift; path = ArticleListViewModelTest.swift; sourceTree = "<group>"; };
		58C54D5A2261773DFFF822D5 /* Resources.swift */ = {isa = PBXFileReference; fileEncoding = 4; lastKnownFileType = sourcecode.swift; path = Resources.swift; sourceTree = "<group>"; };
		58C54D88A79A0564C5DB955F /* IntIdTransform.swift */ = {isa = PBXFileReference; fileEncoding = 4; lastKnownFileType = sourcecode.swift; path = IntIdTransform.swift; sourceTree = "<group>"; };
		D6290F871E65DF5F00CBDD2D /* AnyWrapper.swift */ = {isa = PBXFileReference; fileEncoding = 4; lastKnownFileType = sourcecode.swift; path = AnyWrapper.swift; sourceTree = "<group>"; };
		D6290F8A1E65E1E900CBDD2D /* Observable+ZipWith.swift */ = {isa = PBXFileReference; fileEncoding = 4; lastKnownFileType = sourcecode.swift; path = "Observable+ZipWith.swift"; sourceTree = "<group>"; };
		D6290F8F1E69987500CBDD2D /* test.bundle */ = {isa = PBXFileReference; lastKnownFileType = "wrapper.plug-in"; path = test.bundle; sourceTree = "<group>"; };
		D6290F921E69AFE000CBDD2D /* Alamofire.framework */ = {isa = PBXFileReference; lastKnownFileType = wrapper.framework; name = Alamofire.framework; path = Carthage/Build/iOS/Alamofire.framework; sourceTree = "<group>"; };
		D6290F931E69AFE000CBDD2D /* Moya.framework */ = {isa = PBXFileReference; lastKnownFileType = wrapper.framework; name = Moya.framework; path = Carthage/Build/iOS/Moya.framework; sourceTree = "<group>"; };
		D6290F941E69AFE000CBDD2D /* ObjectMapper.framework */ = {isa = PBXFileReference; lastKnownFileType = wrapper.framework; name = ObjectMapper.framework; path = Carthage/Build/iOS/ObjectMapper.framework; sourceTree = "<group>"; };
		D6290F951E69AFE000CBDD2D /* Result.framework */ = {isa = PBXFileReference; lastKnownFileType = wrapper.framework; name = Result.framework; path = Carthage/Build/iOS/Result.framework; sourceTree = "<group>"; };
		D6290FA21E69BAD200CBDD2D /* RxMoya.framework */ = {isa = PBXFileReference; lastKnownFileType = wrapper.framework; name = RxMoya.framework; path = Carthage/Build/iOS/RxMoya.framework; sourceTree = "<group>"; };
		D6517A041E536090004DAA8B /* Cuckoo.framework */ = {isa = PBXFileReference; lastKnownFileType = wrapper.framework; name = Cuckoo.framework; path = Carthage/Build/iOS/Cuckoo.framework; sourceTree = "<group>"; };
		D6517A081E5362D1004DAA8B /* GeneratedMocks.swift */ = {isa = PBXFileReference; fileEncoding = 4; lastKnownFileType = sourcecode.swift; path = GeneratedMocks.swift; sourceTree = "<group>"; };
		D6657DEB1E5322D3008B00A3 /* DuitslandNieuws.app */ = {isa = PBXFileReference; explicitFileType = wrapper.application; includeInIndex = 0; path = DuitslandNieuws.app; sourceTree = BUILT_PRODUCTS_DIR; };
		D6657DEE1E5322D3008B00A3 /* AppDelegate.swift */ = {isa = PBXFileReference; lastKnownFileType = sourcecode.swift; path = AppDelegate.swift; sourceTree = "<group>"; };
		D6657DF01E5322D3008B00A3 /* MasterViewController.swift */ = {isa = PBXFileReference; lastKnownFileType = sourcecode.swift; path = MasterViewController.swift; sourceTree = "<group>"; };
		D6657DF21E5322D3008B00A3 /* DetailViewController.swift */ = {isa = PBXFileReference; lastKnownFileType = sourcecode.swift; path = DetailViewController.swift; sourceTree = "<group>"; };
		D6657DF51E5322D3008B00A3 /* Base */ = {isa = PBXFileReference; lastKnownFileType = file.storyboard; name = Base; path = Base.lproj/Main.storyboard; sourceTree = "<group>"; };
		D6657DF71E5322D3008B00A3 /* Assets.xcassets */ = {isa = PBXFileReference; lastKnownFileType = folder.assetcatalog; path = Assets.xcassets; sourceTree = "<group>"; };
		D6657DFA1E5322D3008B00A3 /* Base */ = {isa = PBXFileReference; lastKnownFileType = file.storyboard; name = Base; path = Base.lproj/LaunchScreen.storyboard; sourceTree = "<group>"; };
		D6657DFC1E5322D3008B00A3 /* Info.plist */ = {isa = PBXFileReference; lastKnownFileType = text.plist.xml; path = Info.plist; sourceTree = "<group>"; };
		D6657E011E5322D3008B00A3 /* DuitslandNieuwsTests.xctest */ = {isa = PBXFileReference; explicitFileType = wrapper.cfbundle; includeInIndex = 0; path = DuitslandNieuwsTests.xctest; sourceTree = BUILT_PRODUCTS_DIR; };
		D6657E071E5322D3008B00A3 /* Info.plist */ = {isa = PBXFileReference; lastKnownFileType = text.plist.xml; path = Info.plist; sourceTree = "<group>"; };
		D6657E0C1E5322D3008B00A3 /* DuitslandNieuwsUITests.xctest */ = {isa = PBXFileReference; explicitFileType = wrapper.cfbundle; includeInIndex = 0; path = DuitslandNieuwsUITests.xctest; sourceTree = BUILT_PRODUCTS_DIR; };
		D6657E101E5322D3008B00A3 /* DuitslandNieuwsUITests.swift */ = {isa = PBXFileReference; lastKnownFileType = sourcecode.swift; path = DuitslandNieuwsUITests.swift; sourceTree = "<group>"; };
		D6657E121E5322D3008B00A3 /* Info.plist */ = {isa = PBXFileReference; lastKnownFileType = text.plist.xml; path = Info.plist; sourceTree = "<group>"; };
		D67C0AA21E7311C000C36E38 /* UILabel+HTML.swift */ = {isa = PBXFileReference; fileEncoding = 4; lastKnownFileType = sourcecode.swift; path = "UILabel+HTML.swift"; sourceTree = "<group>"; };
		D67C44441E6A0B3300BC91E0 /* Observable+ObjectMapper.swift */ = {isa = PBXFileReference; fileEncoding = 4; lastKnownFileType = sourcecode.swift; path = "Observable+ObjectMapper.swift"; sourceTree = "<group>"; };
		D67C44471E6A1B0700BC91E0 /* Response+ObjectMapper.swift */ = {isa = PBXFileReference; fileEncoding = 4; lastKnownFileType = sourcecode.swift; path = "Response+ObjectMapper.swift"; sourceTree = "<group>"; };
		D69152F51E533EC900E95DF7 /* RxCocoa.framework */ = {isa = PBXFileReference; lastKnownFileType = wrapper.framework; name = RxCocoa.framework; path = Carthage/Build/iOS/RxCocoa.framework; sourceTree = "<group>"; };
		D69152F61E533EC900E95DF7 /* RxSwift.framework */ = {isa = PBXFileReference; lastKnownFileType = wrapper.framework; name = RxSwift.framework; path = Carthage/Build/iOS/RxSwift.framework; sourceTree = "<group>"; };
		D69152FA1E53415A00E95DF7 /* RxTest.framework */ = {isa = PBXFileReference; lastKnownFileType = wrapper.framework; name = RxTest.framework; path = Carthage/Build/iOS/RxTest.framework; sourceTree = "<group>"; };
		D6FA5E041E72BC8D00946DC1 /* AlamofireImage.framework */ = {isa = PBXFileReference; lastKnownFileType = wrapper.framework; name = AlamofireImage.framework; path = Carthage/Build/iOS/AlamofireImage.framework; sourceTree = "<group>"; };
/* End PBXFileReference section */

/* Begin PBXFrameworksBuildPhase section */
		D6657DE81E5322D3008B00A3 /* Frameworks */ = {
			isa = PBXFrameworksBuildPhase;
			buildActionMask = 2147483647;
			files = (
				D6FA5E051E72BC8D00946DC1 /* AlamofireImage.framework in Frameworks */,
				D6290FA31E69BAD200CBDD2D /* RxMoya.framework in Frameworks */,
				D6290F961E69AFE000CBDD2D /* Alamofire.framework in Frameworks */,
				D6290FA61E69BADD00CBDD2D /* RxSwift.framework in Frameworks */,
				D6290FA81E69BAE200CBDD2D /* RxCocoa.framework in Frameworks */,
				D6290FA01E69B5A200CBDD2D /* Result.framework in Frameworks */,
				D6290F971E69AFE000CBDD2D /* Moya.framework in Frameworks */,
				D6290F9E1E69B5A200CBDD2D /* ObjectMapper.framework in Frameworks */,
				D6290F981E69AFE000CBDD2D /* ObjectMapper.framework in Frameworks */,
				D6290F991E69AFE000CBDD2D /* Result.framework in Frameworks */,
				D69152F71E533EC900E95DF7 /* RxCocoa.framework in Frameworks */,
				D69152F81E533EC900E95DF7 /* RxSwift.framework in Frameworks */,
				58C5412135A17043CC5B3539 /* OrderedDictionary.framework in Frameworks */,
				D6FA5E061E72BCE000946DC1 /* AlamofireImage.framework in Frameworks */,
				D6290F9C1E69B5A200CBDD2D /* Moya.framework in Frameworks */,
				D6290FA41E69BAD600CBDD2D /* RxMoya.framework in Frameworks */,
				D6290F9A1E69B5A200CBDD2D /* Alamofire.framework in Frameworks */,
			);
			runOnlyForDeploymentPostprocessing = 0;
		};
		D6657DFE1E5322D3008B00A3 /* Frameworks */ = {
			isa = PBXFrameworksBuildPhase;
			buildActionMask = 2147483647;
			files = (
				D69152FB1E53415A00E95DF7 /* RxTest.framework in Frameworks */,
				D6517A0B1E54617A004DAA8B /* Cuckoo.framework in Frameworks */,
			);
			runOnlyForDeploymentPostprocessing = 0;
		};
		D6657E091E5322D3008B00A3 /* Frameworks */ = {
			isa = PBXFrameworksBuildPhase;
			buildActionMask = 2147483647;
			files = (
			);
			runOnlyForDeploymentPostprocessing = 0;
		};
/* End PBXFrameworksBuildPhase section */

/* Begin PBXGroup section */
		58C5417BD8076FC98A8A2671 /* Data */ = {
			isa = PBXGroup;
			children = (
				58C543D65DF92B0EC3765CB7 /* Repositories */,
			);
			path = Data;
			sourceTree = "<group>";
		};
		58C5422C38A53071C7C0221A /* Media */ = {
			isa = PBXGroup;
			children = (
				58C54571F7FC8A4D154E08D0 /* MediaRepository.swift */,
				58C54158180E8EE4FAF1990C /* MediaCache.swift */,
				58C540F2F09089803B35C0BC /* MediaCloud.swift */,
			);
			path = Media;
			sourceTree = "<group>";
		};
		58C5435A41E43833D489E64E /* Models */ = {
			isa = PBXGroup;
			children = (
				58C540D1C722829373C877AC /* Article.swift */,
				58C54741B51E0DC05D1F66EE /* RenderableText.swift */,
				58C549B96ADB40D500EF05A8 /* Media.swift */,
				58C542C2B470CC1FE4C99D43 /* MediaDetails.swift */,
				58C541020CC66CA26DF3B07F /* MediaItem.swift */,
			);
			path = Models;
			sourceTree = "<group>";
		};
		58C543D65DF92B0EC3765CB7 /* Repositories */ = {
			isa = PBXGroup;
			children = (
				58C54CEED1672F8120DF1392 /* Article */,
				58C54114FD5064EB33D933C5 /* SimpleMemCacheTest.swift */,
				58C546A22C9B19FC78D0DE31 /* Media */,
			);
			path = Repositories;
			sourceTree = "<group>";
		};
		58C5448D512C7DF46B941395 /* Data */ = {
			isa = PBXGroup;
			children = (
				D67C44461E6A1B0700BC91E0 /* Converter */,
				58C545B327E0C8D3B2E0EEAC /* Api */,
				58C5435A41E43833D489E64E /* Models */,
				58C54B434FA52F0C543A4756 /* Repositories */,
				58C54ABA386782B5E276AB83 /* Collection */,
			);
			path = Data;
			sourceTree = "<group>";
		};
		58C54492674D0288E445097C /* Article */ = {
			isa = PBXGroup;
			children = (
				58C54B3E5E89B578CBE8DB09 /* ArticleRepository.swift */,
				58C54A0E1F2B46FA8AFCC0FD /* ArticleCache.swift */,
				58C5453AFC70B61CBBC8791D /* ArticleCloud.swift */,
			);
			path = Article;
			sourceTree = "<group>";
		};
		58C5451DB25713DE50A1A1DF /* ArticleList */ = {
			isa = PBXGroup;
			children = (
				58C54D00F2B062DC1D304BDA /* ArticleListViewModelTest.swift */,
			);
			path = ArticleList;
			sourceTree = "<group>";
		};
		58C545B327E0C8D3B2E0EEAC /* Api */ = {
			isa = PBXGroup;
			children = (
				58C5483046532E077346F3D0 /* ArticleEndpoint.swift */,
				58C54CDAF8A8B80477EACCB6 /* MediaEndpoint.swift */,
			);
			path = Api;
			sourceTree = "<group>";
		};
		58C546A22C9B19FC78D0DE31 /* Media */ = {
			isa = PBXGroup;
			children = (
				58C549F22713EC4B6BD476D8 /* MediaCacheTest.swift */,
				58C54C4D56E0FAD485640C13 /* MediaCloudTest.swift */,
				58C543F7EF04094BC930A0D1 /* MediaRepositoryTest.swift */,
			);
			path = Media;
			sourceTree = "<group>";
		};
		58C547548C54A8D684E338A1 /* Presentation */ = {
			isa = PBXGroup;
			children = (
				D67C0AA11E72FAE800C36E38 /* ArticleDetail */,
				58C549A81FBEB20EB252E30C /* ArticleList */,
				58C549115020BB6F0BE637F8 /* RxViewController.swift */,
			);
			path = Presentation;
			sourceTree = "<group>";
		};
		58C549A81FBEB20EB252E30C /* ArticleList */ = {
			isa = PBXGroup;
			children = (
				58C548CD98163D669A6503B9 /* ArticlePresentation.swift */,
				58C54788D3F92985130956A7 /* ArticleListViewModel.swift */,
				58C54A366B5CE4F3059873AD /* ArticlePresentationCell.swift */,
			);
			path = ArticleList;
			sourceTree = "<group>";
		};
		58C549CE3241743B135B856C /* Interactor */ = {
			isa = PBXGroup;
			children = (
				58C5435D3F1A631204D62AA1 /* ArticleInteractor.swift */,
			);
			path = Interactor;
			sourceTree = "<group>";
		};
		58C54A85A1070F7D54DE3456 /* Presentation */ = {
			isa = PBXGroup;
			children = (
				58C5451DB25713DE50A1A1DF /* ArticleList */,
			);
			path = Presentation;
			sourceTree = "<group>";
		};
		58C54ABA386782B5E276AB83 /* Collection */ = {
			isa = PBXGroup;
			children = (
				58C54315652A852F262DCD12 /* Collection+empty.swift */,
			);
			path = Collection;
			sourceTree = "<group>";
		};
		58C54B434FA52F0C543A4756 /* Repositories */ = {
			isa = PBXGroup;
			children = (
				58C54492674D0288E445097C /* Article */,
				58C5435D255BC1D6D9247E34 /* SimpleMemCache.swift */,
				58C5422C38A53071C7C0221A /* Media */,
			);
			path = Repositories;
			sourceTree = "<group>";
		};
		58C54C90552F2188F56B31EA /* Common */ = {
			isa = PBXGroup;
			children = (
				58C54D5A2261773DFFF822D5 /* Resources.swift */,
			);
			path = Common;
			sourceTree = "<group>";
		};
		58C54CEED1672F8120DF1392 /* Article */ = {
			isa = PBXGroup;
			children = (
				58C5426E014021CD1A0A35CE /* ArticleRepositoryTest.swift */,
				58C541FE2DD6F2E9A322ACCF /* ArticleCacheTest.swift */,
				58C54707430BBFD6FAE95B6E /* ArticleCloudTest.swift */,
			);
			path = Article;
			sourceTree = "<group>";
		};
		58C54FE3EFA16761B7E0C394 /* Interactor */ = {
			isa = PBXGroup;
			children = (
				58C5487151AB7E4ACF83FF73 /* ArticleInteractorTest.swift */,
			);
			path = Interactor;
			sourceTree = "<group>";
		};
		D6290F861E65DF3000CBDD2D /* Common */ = {
			isa = PBXGroup;
			children = (
				D6290F871E65DF5F00CBDD2D /* AnyWrapper.swift */,
				58C54BBEF53C05241BFDB0D1 /* NSAttributedString+HTML.swift */,
				D67C0AA21E7311C000C36E38 /* UILabel+HTML.swift */,
			);
			path = Common;
			sourceTree = "<group>";
		};
		D6290F891E65E1B900CBDD2D /* Rx */ = {
			isa = PBXGroup;
			children = (
				D67C44441E6A0B3300BC91E0 /* Observable+ObjectMapper.swift */,
				D6290F8A1E65E1E900CBDD2D /* Observable+ZipWith.swift */,
			);
			path = Rx;
			sourceTree = "<group>";
		};
		D6290F8E1E69987500CBDD2D /* Resources */ = {
			isa = PBXGroup;
			children = (
				D6290F8F1E69987500CBDD2D /* test.bundle */,
			);
			path = Resources;
			sourceTree = "<group>";
		};
		D6517A061E5362D1004DAA8B /* Mocks */ = {
			isa = PBXGroup;
			children = (
				D6517A081E5362D1004DAA8B /* GeneratedMocks.swift */,
			);
			path = Mocks;
			sourceTree = "<group>";
		};
		D6657DE21E5322D3008B00A3 = {
			isa = PBXGroup;
			children = (
				D6290F8E1E69987500CBDD2D /* Resources */,
				D6657DED1E5322D3008B00A3 /* DuitslandNieuws */,
				D6657E041E5322D3008B00A3 /* DuitslandNieuwsTests */,
				D6657E0F1E5322D3008B00A3 /* DuitslandNieuwsUITests */,
				D6657DEC1E5322D3008B00A3 /* Products */,
				D69152F41E533EC900E95DF7 /* Frameworks */,
			);
			sourceTree = "<group>";
		};
		D6657DEC1E5322D3008B00A3 /* Products */ = {
			isa = PBXGroup;
			children = (
				D6657DEB1E5322D3008B00A3 /* DuitslandNieuws.app */,
				D6657E011E5322D3008B00A3 /* DuitslandNieuwsTests.xctest */,
				D6657E0C1E5322D3008B00A3 /* DuitslandNieuwsUITests.xctest */,
			);
			name = Products;
			sourceTree = "<group>";
		};
		D6657DED1E5322D3008B00A3 /* DuitslandNieuws */ = {
			isa = PBXGroup;
			children = (
				D6290F891E65E1B900CBDD2D /* Rx */,
				D6290F861E65DF3000CBDD2D /* Common */,
				D6657DEE1E5322D3008B00A3 /* AppDelegate.swift */,
				D6657DF01E5322D3008B00A3 /* MasterViewController.swift */,
				D6657DF21E5322D3008B00A3 /* DetailViewController.swift */,
				D6657DF41E5322D3008B00A3 /* Main.storyboard */,
				D6657DF71E5322D3008B00A3 /* Assets.xcassets */,
				D6657DF91E5322D3008B00A3 /* LaunchScreen.storyboard */,
				D6657DFC1E5322D3008B00A3 /* Info.plist */,
				58C5448D512C7DF46B941395 /* Data */,
				58C547548C54A8D684E338A1 /* Presentation */,
				58C549CE3241743B135B856C /* Interactor */,
			);
			path = DuitslandNieuws;
			sourceTree = "<group>";
		};
		D6657E041E5322D3008B00A3 /* DuitslandNieuwsTests */ = {
			isa = PBXGroup;
			children = (
				D6517A061E5362D1004DAA8B /* Mocks */,
				D6657E071E5322D3008B00A3 /* Info.plist */,
				58C5417BD8076FC98A8A2671 /* Data */,
				58C54C90552F2188F56B31EA /* Common */,
				58C54FE3EFA16761B7E0C394 /* Interactor */,
				58C54A85A1070F7D54DE3456 /* Presentation */,
			);
			path = DuitslandNieuwsTests;
			sourceTree = "<group>";
		};
		D6657E0F1E5322D3008B00A3 /* DuitslandNieuwsUITests */ = {
			isa = PBXGroup;
			children = (
				D6657E101E5322D3008B00A3 /* DuitslandNieuwsUITests.swift */,
				D6657E121E5322D3008B00A3 /* Info.plist */,
			);
			path = DuitslandNieuwsUITests;
			sourceTree = "<group>";
		};
		D67C0AA11E72FAE800C36E38 /* ArticleDetail */ = {
			isa = PBXGroup;
			children = (
				58C54AC4548E25BEBBC46D71 /* ArticleDetailPresenter.swift */,
				58C5478131F36D6C826172B6 /* ArticleDetailPresentation.swift */,
			);
			path = ArticleDetail;
			sourceTree = "<group>";
		};
		D67C44461E6A1B0700BC91E0 /* Converter */ = {
			isa = PBXGroup;
			children = (
				D67C44471E6A1B0700BC91E0 /* Response+ObjectMapper.swift */,
				58C54D88A79A0564C5DB955F /* IntIdTransform.swift */,
			);
			path = Converter;
			sourceTree = "<group>";
		};
		D69152F41E533EC900E95DF7 /* Frameworks */ = {
			isa = PBXGroup;
			children = (
				D6FA5E041E72BC8D00946DC1 /* AlamofireImage.framework */,
				D6290FA21E69BAD200CBDD2D /* RxMoya.framework */,
				D6290F921E69AFE000CBDD2D /* Alamofire.framework */,
				D6290F931E69AFE000CBDD2D /* Moya.framework */,
				D6290F941E69AFE000CBDD2D /* ObjectMapper.framework */,
				D6290F951E69AFE000CBDD2D /* Result.framework */,
				D6517A041E536090004DAA8B /* Cuckoo.framework */,
				D69152FA1E53415A00E95DF7 /* RxTest.framework */,
				D69152F51E533EC900E95DF7 /* RxCocoa.framework */,
				D69152F61E533EC900E95DF7 /* RxSwift.framework */,
				58C548E902798F7E7A5C5F29 /* OrderedDictionary.framework */,
			);
			name = Frameworks;
			sourceTree = "<group>";
		};
/* End PBXGroup section */

/* Begin PBXNativeTarget section */
		D6657DEA1E5322D3008B00A3 /* DuitslandNieuws */ = {
			isa = PBXNativeTarget;
			buildConfigurationList = D6657E151E5322D3008B00A3 /* Build configuration list for PBXNativeTarget "DuitslandNieuws" */;
			buildPhases = (
				D6657DE71E5322D3008B00A3 /* Sources */,
				D6657DE81E5322D3008B00A3 /* Frameworks */,
				D6657DE91E5322D3008B00A3 /* Resources */,
				D69152F91E533EE000E95DF7 /* Carthage Script */,
				D6517A0E1E54627D004DAA8B /* Embed Frameworks */,
			);
			buildRules = (
			);
			dependencies = (
			);
			name = DuitslandNieuws;
			productName = DuitslandNieuws;
			productReference = D6657DEB1E5322D3008B00A3 /* DuitslandNieuws.app */;
			productType = "com.apple.product-type.application";
		};
		D6657E001E5322D3008B00A3 /* DuitslandNieuwsTests */ = {
			isa = PBXNativeTarget;
			buildConfigurationList = D6657E181E5322D3008B00A3 /* Build configuration list for PBXNativeTarget "DuitslandNieuwsTests" */;
			buildPhases = (
				D69152FC1E534B5700E95DF7 /* Generate Mocks */,
				D6657DFD1E5322D3008B00A3 /* Sources */,
				D6657DFE1E5322D3008B00A3 /* Frameworks */,
				D6657DFF1E5322D3008B00A3 /* Resources */,
			);
			buildRules = (
			);
			dependencies = (
				D6657E031E5322D3008B00A3 /* PBXTargetDependency */,
			);
			name = DuitslandNieuwsTests;
			productName = DuitslandNieuwsTests;
			productReference = D6657E011E5322D3008B00A3 /* DuitslandNieuwsTests.xctest */;
			productType = "com.apple.product-type.bundle.unit-test";
		};
		D6657E0B1E5322D3008B00A3 /* DuitslandNieuwsUITests */ = {
			isa = PBXNativeTarget;
			buildConfigurationList = D6657E1B1E5322D3008B00A3 /* Build configuration list for PBXNativeTarget "DuitslandNieuwsUITests" */;
			buildPhases = (
				D6657E081E5322D3008B00A3 /* Sources */,
				D6657E091E5322D3008B00A3 /* Frameworks */,
				D6657E0A1E5322D3008B00A3 /* Resources */,
			);
			buildRules = (
			);
			dependencies = (
				D6657E0E1E5322D3008B00A3 /* PBXTargetDependency */,
			);
			name = DuitslandNieuwsUITests;
			productName = DuitslandNieuwsUITests;
			productReference = D6657E0C1E5322D3008B00A3 /* DuitslandNieuwsUITests.xctest */;
			productType = "com.apple.product-type.bundle.ui-testing";
		};
/* End PBXNativeTarget section */

/* Begin PBXProject section */
		D6657DE31E5322D3008B00A3 /* Project object */ = {
			isa = PBXProject;
			attributes = {
				LastSwiftUpdateCheck = 0820;
				LastUpgradeCheck = 0820;
				ORGANIZATIONNAME = SuperSimple.io;
				TargetAttributes = {
					D6657DEA1E5322D3008B00A3 = {
						CreatedOnToolsVersion = 8.2.1;
						ProvisioningStyle = Automatic;
					};
					D6657E001E5322D3008B00A3 = {
						CreatedOnToolsVersion = 8.2.1;
						ProvisioningStyle = Automatic;
						TestTargetID = D6657DEA1E5322D3008B00A3;
					};
					D6657E0B1E5322D3008B00A3 = {
						CreatedOnToolsVersion = 8.2.1;
						ProvisioningStyle = Automatic;
						TestTargetID = D6657DEA1E5322D3008B00A3;
					};
				};
			};
			buildConfigurationList = D6657DE61E5322D3008B00A3 /* Build configuration list for PBXProject "DuitslandNieuws" */;
			compatibilityVersion = "Xcode 3.2";
			developmentRegion = English;
			hasScannedForEncodings = 0;
			knownRegions = (
				en,
				Base,
			);
			mainGroup = D6657DE21E5322D3008B00A3;
			productRefGroup = D6657DEC1E5322D3008B00A3 /* Products */;
			projectDirPath = "";
			projectRoot = "";
			targets = (
				D6657DEA1E5322D3008B00A3 /* DuitslandNieuws */,
				D6657E001E5322D3008B00A3 /* DuitslandNieuwsTests */,
				D6657E0B1E5322D3008B00A3 /* DuitslandNieuwsUITests */,
			);
		};
/* End PBXProject section */

/* Begin PBXResourcesBuildPhase section */
		D6657DE91E5322D3008B00A3 /* Resources */ = {
			isa = PBXResourcesBuildPhase;
			buildActionMask = 2147483647;
			files = (
				D6657DFB1E5322D3008B00A3 /* LaunchScreen.storyboard in Resources */,
				D6657DF81E5322D3008B00A3 /* Assets.xcassets in Resources */,
				D6657DF61E5322D3008B00A3 /* Main.storyboard in Resources */,
			);
			runOnlyForDeploymentPostprocessing = 0;
		};
		D6657DFF1E5322D3008B00A3 /* Resources */ = {
			isa = PBXResourcesBuildPhase;
			buildActionMask = 2147483647;
			files = (
				D6290F911E69987E00CBDD2D /* test.bundle in Resources */,
			);
			runOnlyForDeploymentPostprocessing = 0;
		};
		D6657E0A1E5322D3008B00A3 /* Resources */ = {
			isa = PBXResourcesBuildPhase;
			buildActionMask = 2147483647;
			files = (
			);
			runOnlyForDeploymentPostprocessing = 0;
		};
/* End PBXResourcesBuildPhase section */

/* Begin PBXShellScriptBuildPhase section */
		D69152F91E533EE000E95DF7 /* Carthage Script */ = {
			isa = PBXShellScriptBuildPhase;
			buildActionMask = 2147483647;
			files = (
			);
			inputPaths = (
				"$(SRCROOT)/Carthage/Build/iOS/RxSwift.framework",
				"$(SRCROOT)/Carthage/Build/iOS/RxCocoa.framework",
			);
			name = "Carthage Script";
			outputPaths = (
			);
			runOnlyForDeploymentPostprocessing = 0;
			shellPath = /bin/sh;
			shellScript = "/usr/local/bin/carthage copy-frameworks";
		};
		D69152FC1E534B5700E95DF7 /* Generate Mocks */ = {
			isa = PBXShellScriptBuildPhase;
			buildActionMask = 2147483647;
			files = (
			);
			inputPaths = (
			);
			name = "Generate Mocks";
			outputPaths = (
			);
			runOnlyForDeploymentPostprocessing = 0;
			shellPath = /bin/sh;
			shellScript = "# Define output file. Change \"$PROJECT_DIR/Tests\" to your test's root source folder, if it's not the default name.\nOUTPUT_FILE=\"$PROJECT_DIR/$TARGET_NAME/Mocks/GeneratedMocks.swift\"\necho \"Generated Mocks File = $OUTPUT_FILE\"\n\n# Define input directory. Change \"$PROJECT_DIR\" to your project's root source folder, if it's not the default name.\nINPUT_DIR=\"$PROJECT_DIR/$PROJECT_NAME\"\necho \"Mocks Input Directory = $INPUT_DIR\"\n\n# Generate mock files, include as many input files as you'd like to create mocks for.\n\"$PROJECT_DIR/Carthage/Checkouts/Cuckoo/run\" generate --testable \"$PROJECT_NAME\" \\\n--exclude \"Cache,Identifiable\" \\\n--output \"${OUTPUT_FILE}\" \\\n\"$INPUT_DIR/Data/Repositories/Article/ArticleCache.swift\" \\\n\"$INPUT_DIR/Data/Repositories/Article/ArticleCloud.swift\" \\\n\"$INPUT_DIR/Data/Repositories/Article/ArticleRepository.swift\" \\\n\"$INPUT_DIR/Data/Repositories/SimpleMemCache.swift\" \\\n\"$INPUT_DIR/Data/Repositories/Media/MediaCloud.swift\" \\\n\"$INPUT_DIR/Data/Repositories/Media/MediaCache.swift\" \\\n\"$INPUT_DIR/Data/Repositories/Media/MediaRepository.swift\" \\\n\"$INPUT_DIR/Interactor/ArticleInteractor.swift\"\n# ... and so forth\n";
		};
/* End PBXShellScriptBuildPhase section */

/* Begin PBXSourcesBuildPhase section */
		D6657DE71E5322D3008B00A3 /* Sources */ = {
			isa = PBXSourcesBuildPhase;
			buildActionMask = 2147483647;
			files = (
				D6657DF31E5322D3008B00A3 /* DetailViewController.swift in Sources */,
				D6657DF11E5322D3008B00A3 /* MasterViewController.swift in Sources */,
				D6290F881E65DF5F00CBDD2D /* AnyWrapper.swift in Sources */,
				D6657DEF1E5322D3008B00A3 /* AppDelegate.swift in Sources */,
				58C54059424BA112F9BA9115 /* ArticleRepository.swift in Sources */,
				58C54B463CB52DFFD9895651 /* Article.swift in Sources */,
				58C54DD53DB4D8E3952C293A /* ArticleCache.swift in Sources */,
				58C5447F01E9752F857C04A0 /* ArticleCloud.swift in Sources */,
				D6290F8B1E65E1E900CBDD2D /* Observable+ZipWith.swift in Sources */,
				58C540B9D5694E3BFE96BF46 /* SimpleMemCache.swift in Sources */,
				58C54502DC435266E7021C80 /* Collection+empty.swift in Sources */,
				D67C0AA31E7311C000C36E38 /* UILabel+HTML.swift in Sources */,
				58C542D2F591DDA8E333E4A9 /* ArticleEndpoint.swift in Sources */,
				D67C44481E6A1B0700BC91E0 /* Response+ObjectMapper.swift in Sources */,
				D67C44451E6A0B3300BC91E0 /* Observable+ObjectMapper.swift in Sources */,
				58C546D3D4B8E71ED57B7593 /* RenderableText.swift in Sources */,
				58C549303E554A59119C08F4 /* IntIdTransform.swift in Sources */,
				58C5412F6BD11FF234E35ECA /* Media.swift in Sources */,
				58C54A8D9F27085D8F08DAD4 /* MediaDetails.swift in Sources */,
				58C549477A54F129E05D196B /* MediaItem.swift in Sources */,
				58C5489890A8AEC43E8CADC1 /* MediaRepository.swift in Sources */,
				58C541ADCDC04D2A94A0B14E /* MediaCache.swift in Sources */,
				58C54A24B186A0B99D5432F4 /* MediaCloud.swift in Sources */,
				58C547AEC22A4C1C373E5C9A /* MediaEndpoint.swift in Sources */,
				58C545B56F814ADA88E993EF /* ArticleInteractor.swift in Sources */,
				58C54AB822673C95A3C645DB /* ArticlePresentation.swift in Sources */,
				58C54F740BE191639DF23D5F /* ArticleListViewModel.swift in Sources */,
				58C54DC5E68ABA06CD04118E /* RxViewController.swift in Sources */,
				58C545489632805B33F9364E /* ArticlePresentationCell.swift in Sources */,
				58C54DD3EB46D757AA4A5573 /* NSAttributedString+HTML.swift in Sources */,
				58C540A19A579E338329E4D6 /* ArticleDetailPresenter.swift in Sources */,
				58C54055F610D48ECEF862A7 /* ArticleDetailPresentation.swift in Sources */,
			);
			runOnlyForDeploymentPostprocessing = 0;
		};
		D6657DFD1E5322D3008B00A3 /* Sources */ = {
			isa = PBXSourcesBuildPhase;
			buildActionMask = 2147483647;
			files = (
				D69152FD1E534EDC00E95DF7 /* ArticleRepositoryTest.swift in Sources */,
				D6517A0A1E5362D1004DAA8B /* GeneratedMocks.swift in Sources */,
				58C548965D2D771DD6177AC2 /* SimpleMemCacheTest.swift in Sources */,
				58C543741BBEE1B3F31C43D7 /* ArticleCacheTest.swift in Sources */,
				58C540146435E539EBB84F0E /* ArticleCloudTest.swift in Sources */,
				58C54C9EC819CAE3C6DFDA80 /* Resources.swift in Sources */,
				58C54710B3F851B552F335BB /* MediaCacheTest.swift in Sources */,
				58C54DE5DA27479BEF62A5E0 /* MediaCloudTest.swift in Sources */,
				58C541AC7BEB102E1F1527DE /* MediaRepositoryTest.swift in Sources */,
				58C54DDDC273FDFDE1C4205F /* ArticleInteractorTest.swift in Sources */,
				58C54E67DC139504DAC194AA /* ArticleListViewModelTest.swift in Sources */,
			);
			runOnlyForDeploymentPostprocessing = 0;
		};
		D6657E081E5322D3008B00A3 /* Sources */ = {
			isa = PBXSourcesBuildPhase;
			buildActionMask = 2147483647;
			files = (
				D6657E111E5322D3008B00A3 /* DuitslandNieuwsUITests.swift in Sources */,
			);
			runOnlyForDeploymentPostprocessing = 0;
		};
/* End PBXSourcesBuildPhase section */

/* Begin PBXTargetDependency section */
		D6657E031E5322D3008B00A3 /* PBXTargetDependency */ = {
			isa = PBXTargetDependency;
			target = D6657DEA1E5322D3008B00A3 /* DuitslandNieuws */;
			targetProxy = D6657E021E5322D3008B00A3 /* PBXContainerItemProxy */;
		};
		D6657E0E1E5322D3008B00A3 /* PBXTargetDependency */ = {
			isa = PBXTargetDependency;
			target = D6657DEA1E5322D3008B00A3 /* DuitslandNieuws */;
			targetProxy = D6657E0D1E5322D3008B00A3 /* PBXContainerItemProxy */;
		};
/* End PBXTargetDependency section */

/* Begin PBXVariantGroup section */
		D6657DF41E5322D3008B00A3 /* Main.storyboard */ = {
			isa = PBXVariantGroup;
			children = (
				D6657DF51E5322D3008B00A3 /* Base */,
			);
			name = Main.storyboard;
			sourceTree = "<group>";
		};
		D6657DF91E5322D3008B00A3 /* LaunchScreen.storyboard */ = {
			isa = PBXVariantGroup;
			children = (
				D6657DFA1E5322D3008B00A3 /* Base */,
			);
			name = LaunchScreen.storyboard;
			sourceTree = "<group>";
		};
/* End PBXVariantGroup section */

/* Begin XCBuildConfiguration section */
		D6657E131E5322D3008B00A3 /* Debug */ = {
			isa = XCBuildConfiguration;
			buildSettings = {
				ALWAYS_SEARCH_USER_PATHS = NO;
				CLANG_ANALYZER_NONNULL = YES;
				CLANG_CXX_LANGUAGE_STANDARD = "gnu++0x";
				CLANG_CXX_LIBRARY = "libc++";
				CLANG_ENABLE_MODULES = YES;
				CLANG_ENABLE_OBJC_ARC = YES;
				CLANG_WARN_BOOL_CONVERSION = YES;
				CLANG_WARN_CONSTANT_CONVERSION = YES;
				CLANG_WARN_DIRECT_OBJC_ISA_USAGE = YES_ERROR;
				CLANG_WARN_DOCUMENTATION_COMMENTS = YES;
				CLANG_WARN_EMPTY_BODY = YES;
				CLANG_WARN_ENUM_CONVERSION = YES;
				CLANG_WARN_INFINITE_RECURSION = YES;
				CLANG_WARN_INT_CONVERSION = YES;
				CLANG_WARN_OBJC_ROOT_CLASS = YES_ERROR;
				CLANG_WARN_SUSPICIOUS_MOVE = YES;
				CLANG_WARN_UNREACHABLE_CODE = YES;
				CLANG_WARN__DUPLICATE_METHOD_MATCH = YES;
				"CODE_SIGN_IDENTITY[sdk=iphoneos*]" = "iPhone Developer";
				COPY_PHASE_STRIP = NO;
				DEBUG_INFORMATION_FORMAT = dwarf;
				ENABLE_STRICT_OBJC_MSGSEND = YES;
				ENABLE_TESTABILITY = YES;
				GCC_C_LANGUAGE_STANDARD = gnu99;
				GCC_DYNAMIC_NO_PIC = NO;
				GCC_NO_COMMON_BLOCKS = YES;
				GCC_OPTIMIZATION_LEVEL = 0;
				GCC_PREPROCESSOR_DEFINITIONS = (
					"DEBUG=1",
					"$(inherited)",
				);
				GCC_WARN_64_TO_32_BIT_CONVERSION = YES;
				GCC_WARN_ABOUT_RETURN_TYPE = YES_ERROR;
				GCC_WARN_UNDECLARED_SELECTOR = YES;
				GCC_WARN_UNINITIALIZED_AUTOS = YES_AGGRESSIVE;
				GCC_WARN_UNUSED_FUNCTION = YES;
				GCC_WARN_UNUSED_VARIABLE = YES;
				IPHONEOS_DEPLOYMENT_TARGET = 9.3;
				MTL_ENABLE_DEBUG_INFO = YES;
				ONLY_ACTIVE_ARCH = YES;
				SDKROOT = iphoneos;
				SWIFT_ACTIVE_COMPILATION_CONDITIONS = DEBUG;
				SWIFT_OPTIMIZATION_LEVEL = "-Onone";
			};
			name = Debug;
		};
		D6657E141E5322D3008B00A3 /* Release */ = {
			isa = XCBuildConfiguration;
			buildSettings = {
				ALWAYS_SEARCH_USER_PATHS = NO;
				CLANG_ANALYZER_NONNULL = YES;
				CLANG_CXX_LANGUAGE_STANDARD = "gnu++0x";
				CLANG_CXX_LIBRARY = "libc++";
				CLANG_ENABLE_MODULES = YES;
				CLANG_ENABLE_OBJC_ARC = YES;
				CLANG_WARN_BOOL_CONVERSION = YES;
				CLANG_WARN_CONSTANT_CONVERSION = YES;
				CLANG_WARN_DIRECT_OBJC_ISA_USAGE = YES_ERROR;
				CLANG_WARN_DOCUMENTATION_COMMENTS = YES;
				CLANG_WARN_EMPTY_BODY = YES;
				CLANG_WARN_ENUM_CONVERSION = YES;
				CLANG_WARN_INFINITE_RECURSION = YES;
				CLANG_WARN_INT_CONVERSION = YES;
				CLANG_WARN_OBJC_ROOT_CLASS = YES_ERROR;
				CLANG_WARN_SUSPICIOUS_MOVE = YES;
				CLANG_WARN_UNREACHABLE_CODE = YES;
				CLANG_WARN__DUPLICATE_METHOD_MATCH = YES;
				"CODE_SIGN_IDENTITY[sdk=iphoneos*]" = "iPhone Developer";
				COPY_PHASE_STRIP = NO;
				DEBUG_INFORMATION_FORMAT = "dwarf-with-dsym";
				ENABLE_NS_ASSERTIONS = NO;
				ENABLE_STRICT_OBJC_MSGSEND = YES;
				GCC_C_LANGUAGE_STANDARD = gnu99;
				GCC_NO_COMMON_BLOCKS = YES;
				GCC_WARN_64_TO_32_BIT_CONVERSION = YES;
				GCC_WARN_ABOUT_RETURN_TYPE = YES_ERROR;
				GCC_WARN_UNDECLARED_SELECTOR = YES;
				GCC_WARN_UNINITIALIZED_AUTOS = YES_AGGRESSIVE;
				GCC_WARN_UNUSED_FUNCTION = YES;
				GCC_WARN_UNUSED_VARIABLE = YES;
				IPHONEOS_DEPLOYMENT_TARGET = 9.3;
				MTL_ENABLE_DEBUG_INFO = NO;
				SDKROOT = iphoneos;
				SWIFT_OPTIMIZATION_LEVEL = "-Owholemodule";
				VALIDATE_PRODUCT = YES;
			};
			name = Release;
		};
		D6657E161E5322D3008B00A3 /* Debug */ = {
			isa = XCBuildConfiguration;
			buildSettings = {
				ASSETCATALOG_COMPILER_APPICON_NAME = AppIcon;
				FRAMEWORK_SEARCH_PATHS = (
					"$(inherited)",
					"$(PROJECT_DIR)/Carthage/Build/iOS",
				);
				INFOPLIST_FILE = DuitslandNieuws/Info.plist;
				LD_RUNPATH_SEARCH_PATHS = "$(inherited) @executable_path/Frameworks";
				PRODUCT_BUNDLE_IDENTIFIER = io.supersimple.DuitslandNieuws;
				PRODUCT_NAME = "$(TARGET_NAME)";
				SWIFT_VERSION = 3.0;
			};
			name = Debug;
		};
		D6657E171E5322D3008B00A3 /* Release */ = {
			isa = XCBuildConfiguration;
			buildSettings = {
				ASSETCATALOG_COMPILER_APPICON_NAME = AppIcon;
				FRAMEWORK_SEARCH_PATHS = (
					"$(inherited)",
					"$(PROJECT_DIR)/Carthage/Build/iOS",
				);
				INFOPLIST_FILE = DuitslandNieuws/Info.plist;
				LD_RUNPATH_SEARCH_PATHS = "$(inherited) @executable_path/Frameworks";
				PRODUCT_BUNDLE_IDENTIFIER = io.supersimple.DuitslandNieuws;
				PRODUCT_NAME = "$(TARGET_NAME)";
				SWIFT_VERSION = 3.0;
			};
			name = Release;
		};
		D6657E191E5322D3008B00A3 /* Debug */ = {
			isa = XCBuildConfiguration;
			buildSettings = {
				ALWAYS_EMBED_SWIFT_STANDARD_LIBRARIES = YES;
				BUNDLE_LOADER = "$(TEST_HOST)";
				FRAMEWORK_SEARCH_PATHS = (
					"$(inherited)",
					"$(PROJECT_DIR)/Carthage/Build/iOS",
				);
				INFOPLIST_FILE = DuitslandNieuwsTests/Info.plist;
				LD_RUNPATH_SEARCH_PATHS = "$(inherited) @executable_path/Frameworks @loader_path/Frameworks";
				PRODUCT_BUNDLE_IDENTIFIER = io.supersimple.DuitslandNieuwsTests;
				PRODUCT_NAME = "$(TARGET_NAME)";
				SWIFT_VERSION = 3.0;
				TEST_HOST = "$(BUILT_PRODUCTS_DIR)/DuitslandNieuws.app/DuitslandNieuws";
			};
			name = Debug;
		};
		D6657E1A1E5322D3008B00A3 /* Release */ = {
			isa = XCBuildConfiguration;
			buildSettings = {
				ALWAYS_EMBED_SWIFT_STANDARD_LIBRARIES = YES;
				BUNDLE_LOADER = "$(TEST_HOST)";
				FRAMEWORK_SEARCH_PATHS = (
					"$(inherited)",
					"$(PROJECT_DIR)/Carthage/Build/iOS",
				);
				INFOPLIST_FILE = DuitslandNieuwsTests/Info.plist;
				LD_RUNPATH_SEARCH_PATHS = "$(inherited) @executable_path/Frameworks @loader_path/Frameworks";
				PRODUCT_BUNDLE_IDENTIFIER = io.supersimple.DuitslandNieuwsTests;
				PRODUCT_NAME = "$(TARGET_NAME)";
				SWIFT_VERSION = 3.0;
				TEST_HOST = "$(BUILT_PRODUCTS_DIR)/DuitslandNieuws.app/DuitslandNieuws";
			};
			name = Release;
		};
		D6657E1C1E5322D3008B00A3 /* Debug */ = {
			isa = XCBuildConfiguration;
			buildSettings = {
				ALWAYS_EMBED_SWIFT_STANDARD_LIBRARIES = YES;
				INFOPLIST_FILE = DuitslandNieuwsUITests/Info.plist;
				LD_RUNPATH_SEARCH_PATHS = "$(inherited) @executable_path/Frameworks @loader_path/Frameworks";
				PRODUCT_BUNDLE_IDENTIFIER = io.supersimple.DuitslandNieuwsUITests;
				PRODUCT_NAME = "$(TARGET_NAME)";
				SWIFT_VERSION = 3.0;
				TEST_TARGET_NAME = DuitslandNieuws;
			};
			name = Debug;
		};
		D6657E1D1E5322D3008B00A3 /* Release */ = {
			isa = XCBuildConfiguration;
			buildSettings = {
				ALWAYS_EMBED_SWIFT_STANDARD_LIBRARIES = YES;
				INFOPLIST_FILE = DuitslandNieuwsUITests/Info.plist;
				LD_RUNPATH_SEARCH_PATHS = "$(inherited) @executable_path/Frameworks @loader_path/Frameworks";
				PRODUCT_BUNDLE_IDENTIFIER = io.supersimple.DuitslandNieuwsUITests;
				PRODUCT_NAME = "$(TARGET_NAME)";
				SWIFT_VERSION = 3.0;
				TEST_TARGET_NAME = DuitslandNieuws;
			};
			name = Release;
		};
/* End XCBuildConfiguration section */

/* Begin XCConfigurationList section */
		D6657DE61E5322D3008B00A3 /* Build configuration list for PBXProject "DuitslandNieuws" */ = {
			isa = XCConfigurationList;
			buildConfigurations = (
				D6657E131E5322D3008B00A3 /* Debug */,
				D6657E141E5322D3008B00A3 /* Release */,
			);
			defaultConfigurationIsVisible = 0;
			defaultConfigurationName = Release;
		};
		D6657E151E5322D3008B00A3 /* Build configuration list for PBXNativeTarget "DuitslandNieuws" */ = {
			isa = XCConfigurationList;
			buildConfigurations = (
				D6657E161E5322D3008B00A3 /* Debug */,
				D6657E171E5322D3008B00A3 /* Release */,
			);
			defaultConfigurationIsVisible = 0;
			defaultConfigurationName = Release;
		};
		D6657E181E5322D3008B00A3 /* Build configuration list for PBXNativeTarget "DuitslandNieuwsTests" */ = {
			isa = XCConfigurationList;
			buildConfigurations = (
				D6657E191E5322D3008B00A3 /* Debug */,
				D6657E1A1E5322D3008B00A3 /* Release */,
			);
			defaultConfigurationIsVisible = 0;
			defaultConfigurationName = Release;
		};
		D6657E1B1E5322D3008B00A3 /* Build configuration list for PBXNativeTarget "DuitslandNieuwsUITests" */ = {
			isa = XCConfigurationList;
			buildConfigurations = (
				D6657E1C1E5322D3008B00A3 /* Debug */,
				D6657E1D1E5322D3008B00A3 /* Release */,
			);
			defaultConfigurationIsVisible = 0;
			defaultConfigurationName = Release;
		};
/* End XCConfigurationList section */
	};
	rootObject = D6657DE31E5322D3008B00A3 /* Project object */;
}
